
Microsoft Visual Studio Solution File, Format Version 12.00
# Visual Studio Version 16
VisualStudioVersion = 16.0.30320.27
MinimumVisualStudioVersion = 10.0.40219.1
Project("{FAE04EC0-301F-11D3-BF4B-00C04F79EFBC}") = "ChatXF.UWP", "ChatXF\ChatXF.UWP\ChatXF.UWP.csproj", "{41EC3FC7-2693-4DA8-A4E2-E539B6CC0F6A}"
EndProject
Project("{FAE04EC0-301F-11D3-BF4B-00C04F79EFBC}") = "ChatXF.Android", "ChatXF\ChatXF.Android\ChatXF.Android.csproj", "{7F3806AC-5B77-4A50-9969-B2DB422C29F0}"
EndProject
Project("{FAE04EC0-301F-11D3-BF4B-00C04F79EFBC}") = "ChatXF.iOS", "ChatXF\ChatXF.iOS\ChatXF.iOS.csproj", "{26CBA2D3-2E99-4A15-A0C9-52A209C682A6}"
EndProject
Project("{FAE04EC0-301F-11D3-BF4B-00C04F79EFBC}") = "ChatXF", "ChatXF\ChatXF\ChatXF.csproj", "{31FDAB1F-DA00-4027-9BFE-CEE3BC8B58C7}"
EndProject
Global
	GlobalSection(SolutionConfigurationPlatforms) = preSolution
		Debug|Any CPU = Debug|Any CPU
		Debug|ARM = Debug|ARM
		Debug|iPhone = Debug|iPhone
		Debug|iPhoneSimulator = Debug|iPhoneSimulator
		Debug|x64 = Debug|x64
		Debug|x86 = Debug|x86
		Release|Any CPU = Release|Any CPU
		Release|ARM = Release|ARM
		Release|iPhone = Release|iPhone
		Release|iPhoneSimulator = Release|iPhoneSimulator
		Release|x64 = Release|x64
		Release|x86 = Release|x86
	EndGlobalSection
	GlobalSection(ProjectConfigurationPlatforms) = postSolution
		{41EC3FC7-2693-4DA8-A4E2-E539B6CC0F6A}.Debug|Any CPU.ActiveCfg = Debug|x86
		{41EC3FC7-2693-4DA8-A4E2-E539B6CC0F6A}.Debug|Any CPU.Build.0 = Debug|x86
		{41EC3FC7-2693-4DA8-A4E2-E539B6CC0F6A}.Debug|Any CPU.Deploy.0 = Debug|x86
		{41EC3FC7-2693-4DA8-A4E2-E539B6CC0F6A}.Debug|ARM.ActiveCfg = Debug|ARM
		{41EC3FC7-2693-4DA8-A4E2-E539B6CC0F6A}.Debug|ARM.Build.0 = Debug|ARM
		{41EC3FC7-2693-4DA8-A4E2-E539B6CC0F6A}.Debug|ARM.Deploy.0 = Debug|ARM
		{41EC3FC7-2693-4DA8-A4E2-E539B6CC0F6A}.Debug|iPhone.ActiveCfg = Debug|x86
		{41EC3FC7-2693-4DA8-A4E2-E539B6CC0F6A}.Debug|iPhone.Build.0 = Debug|x86
		{41EC3FC7-2693-4DA8-A4E2-E539B6CC0F6A}.Debug|iPhone.Deploy.0 = Debug|x86
		{41EC3FC7-2693-4DA8-A4E2-E539B6CC0F6A}.Debug|iPhoneSimulator.ActiveCfg = Debug|x86
		{41EC3FC7-2693-4DA8-A4E2-E539B6CC0F6A}.Debug|iPhoneSimulator.Build.0 = Debug|x86
		{41EC3FC7-2693-4DA8-A4E2-E539B6CC0F6A}.Debug|iPhoneSimulator.Deploy.0 = Debug|x86
		{41EC3FC7-2693-4DA8-A4E2-E539B6CC0F6A}.Debug|x64.ActiveCfg = Debug|x64
		{41EC3FC7-2693-4DA8-A4E2-E539B6CC0F6A}.Debug|x64.Build.0 = Debug|x64
		{41EC3FC7-2693-4DA8-A4E2-E539B6CC0F6A}.Debug|x64.Deploy.0 = Debug|x64
		{41EC3FC7-2693-4DA8-A4E2-E539B6CC0F6A}.Debug|x86.ActiveCfg = Debug|x86
		{41EC3FC7-2693-4DA8-A4E2-E539B6CC0F6A}.Debug|x86.Build.0 = Debug|x86
		{41EC3FC7-2693-4DA8-A4E2-E539B6CC0F6A}.Debug|x86.Deploy.0 = Debug|x86
		{41EC3FC7-2693-4DA8-A4E2-E539B6CC0F6A}.Release|Any CPU.ActiveCfg = Release|x86
		{41EC3FC7-2693-4DA8-A4E2-E539B6CC0F6A}.Release|Any CPU.Build.0 = Release|x86
		{41EC3FC7-2693-4DA8-A4E2-E539B6CC0F6A}.Release|Any CPU.Deploy.0 = Release|x86
		{41EC3FC7-2693-4DA8-A4E2-E539B6CC0F6A}.Release|ARM.ActiveCfg = Release|ARM
		{41EC3FC7-2693-4DA8-A4E2-E539B6CC0F6A}.Release|ARM.Build.0 = Release|ARM
		{41EC3FC7-2693-4DA8-A4E2-E539B6CC0F6A}.Release|ARM.Deploy.0 = Release|ARM
		{41EC3FC7-2693-4DA8-A4E2-E539B6CC0F6A}.Release|iPhone.ActiveCfg = Release|x86
		{41EC3FC7-2693-4DA8-A4E2-E539B6CC0F6A}.Release|iPhone.Build.0 = Release|x86
		{41EC3FC7-2693-4DA8-A4E2-E539B6CC0F6A}.Release|iPhone.Deploy.0 = Release|x86
		{41EC3FC7-2693-4DA8-A4E2-E539B6CC0F6A}.Release|iPhoneSimulator.ActiveCfg = Release|x86
		{41EC3FC7-2693-4DA8-A4E2-E539B6CC0F6A}.Release|iPhoneSimulator.Build.0 = Release|x86
		{41EC3FC7-2693-4DA8-A4E2-E539B6CC0F6A}.Release|iPhoneSimulator.Deploy.0 = Release|x86
		{41EC3FC7-2693-4DA8-A4E2-E539B6CC0F6A}.Release|x64.ActiveCfg = Release|x64
		{41EC3FC7-2693-4DA8-A4E2-E539B6CC0F6A}.Release|x64.Build.0 = Release|x64
		{41EC3FC7-2693-4DA8-A4E2-E539B6CC0F6A}.Release|x64.Deploy.0 = Release|x64
		{41EC3FC7-2693-4DA8-A4E2-E539B6CC0F6A}.Release|x86.ActiveCfg = Release|x86
		{41EC3FC7-2693-4DA8-A4E2-E539B6CC0F6A}.Release|x86.Build.0 = Release|x86
		{41EC3FC7-2693-4DA8-A4E2-E539B6CC0F6A}.Release|x86.Deploy.0 = Release|x86
		{7F3806AC-5B77-4A50-9969-B2DB422C29F0}.Debug|Any CPU.ActiveCfg = Debug|Any CPU
		{7F3806AC-5B77-4A50-9969-B2DB422C29F0}.Debug|Any CPU.Build.0 = Debug|Any CPU
		{7F3806AC-5B77-4A50-9969-B2DB422C29F0}.Debug|Any CPU.Deploy.0 = Debug|Any CPU
		{7F3806AC-5B77-4A50-9969-B2DB422C29F0}.Debug|ARM.ActiveCfg = Debug|Any CPU
		{7F3806AC-5B77-4A50-9969-B2DB422C29F0}.Debug|ARM.Build.0 = Debug|Any CPU
		{7F3806AC-5B77-4A50-9969-B2DB422C29F0}.Debug|ARM.Deploy.0 = Debug|Any CPU
		{7F3806AC-5B77-4A50-9969-B2DB422C29F0}.Debug|iPhone.ActiveCfg = Debug|Any CPU
		{7F3806AC-5B77-4A50-9969-B2DB422C29F0}.Debug|iPhone.Build.0 = Debug|Any CPU
		{7F3806AC-5B77-4A50-9969-B2DB422C29F0}.Debug|iPhone.Deploy.0 = Debug|Any CPU
		{7F3806AC-5B77-4A50-9969-B2DB422C29F0}.Debug|iPhoneSimulator.ActiveCfg = Debug|Any CPU
		{7F3806AC-5B77-4A50-9969-B2DB422C29F0}.Debug|iPhoneSimulator.Build.0 = Debug|Any CPU
		{7F3806AC-5B77-4A50-9969-B2DB422C29F0}.Debug|iPhoneSimulator.Deploy.0 = Debug|Any CPU
		{7F3806AC-5B77-4A50-9969-B2DB422C29F0}.Debug|x64.ActiveCfg = Debug|Any CPU
		{7F3806AC-5B77-4A50-9969-B2DB422C29F0}.Debug|x64.Build.0 = Debug|Any CPU
		{7F3806AC-5B77-4A50-9969-B2DB422C29F0}.Debug|x64.Deploy.0 = Debug|Any CPU
		{7F3806AC-5B77-4A50-9969-B2DB422C29F0}.Debug|x86.ActiveCfg = Debug|Any CPU
		{7F3806AC-5B77-4A50-9969-B2DB422C29F0}.Debug|x86.Build.0 = Debug|Any CPU
		{7F3806AC-5B77-4A50-9969-B2DB422C29F0}.Debug|x86.Deploy.0 = Debug|Any CPU
		{7F3806AC-5B77-4A50-9969-B2DB422C29F0}.Release|Any CPU.ActiveCfg = Release|Any CPU
		{7F3806AC-5B77-4A50-9969-B2DB422C29F0}.Release|Any CPU.Build.0 = Release|Any CPU
		{7F3806AC-5B77-4A50-9969-B2DB422C29F0}.Release|Any CPU.Deploy.0 = Release|Any CPU
		{7F3806AC-5B77-4A50-9969-B2DB422C29F0}.Release|ARM.ActiveCfg = Release|Any CPU
		{7F3806AC-5B77-4A50-9969-B2DB422C29F0}.Release|ARM.Build.0 = Release|Any CPU
		{7F3806AC-5B77-4A50-9969-B2DB422C29F0}.Release|ARM.Deploy.0 = Release|Any CPU
		{7F3806AC-5B77-4A50-9969-B2DB422C29F0}.Release|iPhone.ActiveCfg = Release|Any CPU
		{7F3806AC-5B77-4A50-9969-B2DB422C29F0}.Release|iPhone.Build.0 = Release|Any CPU
		{7F3806AC-5B77-4A50-9969-B2DB422C29F0}.Release|iPhone.Deploy.0 = Release|Any CPU
		{7F3806AC-5B77-4A50-9969-B2DB422C29F0}.Release|iPhoneSimulator.ActiveCfg = Release|Any CPU
		{7F3806AC-5B77-4A50-9969-B2DB422C29F0}.Release|iPhoneSimulator.Build.0 = Release|Any CPU
		{7F3806AC-5B77-4A50-9969-B2DB422C29F0}.Release|iPhoneSimulator.Deploy.0 = Release|Any CPU
		{7F3806AC-5B77-4A50-9969-B2DB422C29F0}.Release|x64.ActiveCfg = Release|Any CPU
		{7F3806AC-5B77-4A50-9969-B2DB422C29F0}.Release|x64.Build.0 = Release|Any CPU
		{7F3806AC-5B77-4A50-9969-B2DB422C29F0}.Release|x64.Deploy.0 = Release|Any CPU
		{7F3806AC-5B77-4A50-9969-B2DB422C29F0}.Release|x86.ActiveCfg = Release|Any CPU
		{7F3806AC-5B77-4A50-9969-B2DB422C29F0}.Release|x86.Build.0 = Release|Any CPU
		{7F3806AC-5B77-4A50-9969-B2DB422C29F0}.Release|x86.Deploy.0 = Release|Any CPU
		{26CBA2D3-2E99-4A15-A0C9-52A209C682A6}.Debug|Any CPU.ActiveCfg = Debug|iPhone
		{26CBA2D3-2E99-4A15-A0C9-52A209C682A6}.Debug|Any CPU.Build.0 = Debug|iPhone
		{26CBA2D3-2E99-4A15-A0C9-52A209C682A6}.Debug|Any CPU.Deploy.0 = Debug|iPhone
		{26CBA2D3-2E99-4A15-A0C9-52A209C682A6}.Debug|ARM.ActiveCfg = Debug|iPhone
		{26CBA2D3-2E99-4A15-A0C9-52A209C682A6}.Debug|ARM.Build.0 = Debug|iPhone
		{26CBA2D3-2E99-4A15-A0C9-52A209C682A6}.Debug|ARM.Deploy.0 = Debug|iPhone
		{26CBA2D3-2E99-4A15-A0C9-52A209C682A6}.Debug|iPhone.ActiveCfg = Debug|iPhone
		{26CBA2D3-2E99-4A15-A0C9-52A209C682A6}.Debug|iPhone.Build.0 = Debug|iPhone
		{26CBA2D3-2E99-4A15-A0C9-52A209C682A6}.Debug|iPhone.Deploy.0 = Debug|iPhone
		{26CBA2D3-2E99-4A15-A0C9-52A209C682A6}.Debug|iPhoneSimulator.ActiveCfg = Debug|iPhoneSimulator
		{26CBA2D3-2E99-4A15-A0C9-52A209C682A6}.Debug|iPhoneSimulator.Build.0 = Debug|iPhoneSimulator
		{26CBA2D3-2E99-4A15-A0C9-52A209C682A6}.Debug|iPhoneSimulator.Deploy.0 = Debug|iPhoneSimulator
		{26CBA2D3-2E99-4A15-A0C9-52A209C682A6}.Debug|x64.ActiveCfg = Debug|iPhone
		{26CBA2D3-2E99-4A15-A0C9-52A209C682A6}.Debug|x64.Build.0 = Debug|iPhone
		{26CBA2D3-2E99-4A15-A0C9-52A209C682A6}.Debug|x64.Deploy.0 = Debug|iPhone
		{26CBA2D3-2E99-4A15-A0C9-52A209C682A6}.Debug|x86.ActiveCfg = Debug|iPhone
		{26CBA2D3-2E99-4A15-A0C9-52A209C682A6}.Debug|x86.Build.0 = Debug|iPhone
		{26CBA2D3-2E99-4A15-A0C9-52A209C682A6}.Debug|x86.Deploy.0 = Debug|iPhone
		{26CBA2D3-2E99-4A15-A0C9-52A209C682A6}.Release|Any CPU.ActiveCfg = Release|iPhone
		{26CBA2D3-2E99-4A15-A0C9-52A209C682A6}.Release|Any CPU.Build.0 = Release|iPhone
		{26CBA2D3-2E99-4A15-A0C9-52A209C682A6}.Release|Any CPU.Deploy.0 = Release|iPhone
		{26CBA2D3-2E99-4A15-A0C9-52A209C682A6}.Release|ARM.ActiveCfg = Release|iPhone
		{26CBA2D3-2E99-4A15-A0C9-52A209C682A6}.Release|ARM.Build.0 = Release|iPhone
		{26CBA2D3-2E99-4A15-A0C9-52A209C682A6}.Release|ARM.Deploy.0 = Release|iPhone
		{26CBA2D3-2E99-4A15-A0C9-52A209C682A6}.Release|iPhone.ActiveCfg = Release|iPhone
		{26CBA2D3-2E99-4A15-A0C9-52A209C682A6}.Release|iPhone.Build.0 = Release|iPhone
		{26CBA2D3-2E99-4A15-A0C9-52A209C682A6}.Release|iPhone.Deploy.0 = Release|iPhone
		{26CBA2D3-2E99-4A15-A0C9-52A209C682A6}.Release|iPhoneSimulator.ActiveCfg = Release|iPhoneSimulator
		{26CBA2D3-2E99-4A15-A0C9-52A209C682A6}.Release|iPhoneSimulator.Build.0 = Release|iPhoneSimulator
		{26CBA2D3-2E99-4A15-A0C9-52A209C682A6}.Release|iPhoneSimulator.Deploy.0 = Release|iPhoneSimulator
		{26CBA2D3-2E99-4A15-A0C9-52A209C682A6}.Release|x64.ActiveCfg = Release|iPhone
		{26CBA2D3-2E99-4A15-A0C9-52A209C682A6}.Release|x64.Build.0 = Release|iPhone
		{26CBA2D3-2E99-4A15-A0C9-52A209C682A6}.Release|x64.Deploy.0 = Release|iPhone
		{26CBA2D3-2E99-4A15-A0C9-52A209C682A6}.Release|x86.ActiveCfg = Release|iPhone
		{26CBA2D3-2E99-4A15-A0C9-52A209C682A6}.Release|x86.Build.0 = Release|iPhone
		{26CBA2D3-2E99-4A15-A0C9-52A209C682A6}.Release|x86.Deploy.0 = Release|iPhone
		{31FDAB1F-DA00-4027-9BFE-CEE3BC8B58C7}.Debug|Any CPU.ActiveCfg = Debug|Any CPU
		{31FDAB1F-DA00-4027-9BFE-CEE3BC8B58C7}.Debug|Any CPU.Build.0 = Debug|Any CPU
		{31FDAB1F-DA00-4027-9BFE-CEE3BC8B58C7}.Debug|Any CPU.Deploy.0 = Debug|Any CPU
		{31FDAB1F-DA00-4027-9BFE-CEE3BC8B58C7}.Debug|ARM.ActiveCfg = Debug|Any CPU
		{31FDAB1F-DA00-4027-9BFE-CEE3BC8B58C7}.Debug|ARM.Build.0 = Debug|Any CPU
		{31FDAB1F-DA00-4027-9BFE-CEE3BC8B58C7}.Debug|ARM.Deploy.0 = Debug|Any CPU
		{31FDAB1F-DA00-4027-9BFE-CEE3BC8B58C7}.Debug|iPhone.ActiveCfg = Debug|Any CPU
		{31FDAB1F-DA00-4027-9BFE-CEE3BC8B58C7}.Debug|iPhone.Build.0 = Debug|Any CPU
		{31FDAB1F-DA00-4027-9BFE-CEE3BC8B58C7}.Debug|iPhone.Deploy.0 = Debug|Any CPU
		{31FDAB1F-DA00-4027-9BFE-CEE3BC8B58C7}.Debug|iPhoneSimulator.ActiveCfg = Debug|Any CPU
		{31FDAB1F-DA00-4027-9BFE-CEE3BC8B58C7}.Debug|iPhoneSimulator.Build.0 = Debug|Any CPU
		{31FDAB1F-DA00-4027-9BFE-CEE3BC8B58C7}.Debug|iPhoneSimulator.Deploy.0 = Debug|Any CPU
		{31FDAB1F-DA00-4027-9BFE-CEE3BC8B58C7}.Debug|x64.ActiveCfg = Debug|Any CPU
		{31FDAB1F-DA00-4027-9BFE-CEE3BC8B58C7}.Debug|x64.Build.0 = Debug|Any CPU
		{31FDAB1F-DA00-4027-9BFE-CEE3BC8B58C7}.Debug|x64.Deploy.0 = Debug|Any CPU
		{31FDAB1F-DA00-4027-9BFE-CEE3BC8B58C7}.Debug|x86.ActiveCfg = Debug|Any CPU
		{31FDAB1F-DA00-4027-9BFE-CEE3BC8B58C7}.Debug|x86.Build.0 = Debug|Any CPU
		{31FDAB1F-DA00-4027-9BFE-CEE3BC8B58C7}.Debug|x86.Deploy.0 = Debug|Any CPU
		{31FDAB1F-DA00-4027-9BFE-CEE3BC8B58C7}.Release|Any CPU.ActiveCfg = Release|Any CPU
		{31FDAB1F-DA00-4027-9BFE-CEE3BC8B58C7}.Release|Any CPU.Build.0 = Release|Any CPU
		{31FDAB1F-DA00-4027-9BFE-CEE3BC8B58C7}.Release|Any CPU.Deploy.0 = Release|Any CPU
		{31FDAB1F-DA00-4027-9BFE-CEE3BC8B58C7}.Release|ARM.ActiveCfg = Release|Any CPU
		{31FDAB1F-DA00-4027-9BFE-CEE3BC8B58C7}.Release|ARM.Build.0 = Release|Any CPU
		{31FDAB1F-DA00-4027-9BFE-CEE3BC8B58C7}.Release|ARM.Deploy.0 = Release|Any CPU
		{31FDAB1F-DA00-4027-9BFE-CEE3BC8B58C7}.Release|iPhone.ActiveCfg = Release|Any CPU
		{31FDAB1F-DA00-4027-9BFE-CEE3BC8B58C7}.Release|iPhone.Build.0 = Release|Any CPU
		{31FDAB1F-DA00-4027-9BFE-CEE3BC8B58C7}.Release|iPhone.Deploy.0 = Release|Any CPU
		{31FDAB1F-DA00-4027-9BFE-CEE3BC8B58C7}.Release|iPhoneSimulator.ActiveCfg = Release|Any CPU
		{31FDAB1F-DA00-4027-9BFE-CEE3BC8B58C7}.Release|iPhoneSimulator.Build.0 = Release|Any CPU
		{31FDAB1F-DA00-4027-9BFE-CEE3BC8B58C7}.Release|iPhoneSimulator.Deploy.0 = Release|Any CPU
		{31FDAB1F-DA00-4027-9BFE-CEE3BC8B58C7}.Release|x64.ActiveCfg = Release|Any CPU
		{31FDAB1F-DA00-4027-9BFE-CEE3BC8B58C7}.Release|x64.Build.0 = Release|Any CPU
		{31FDAB1F-DA00-4027-9BFE-CEE3BC8B58C7}.Release|x64.Deploy.0 = Release|Any CPU
		{31FDAB1F-DA00-4027-9BFE-CEE3BC8B58C7}.Release|x86.ActiveCfg = Release|Any CPU
		{31FDAB1F-DA00-4027-9BFE-CEE3BC8B58C7}.Release|x86.Build.0 = Release|Any CPU
		{31FDAB1F-DA00-4027-9BFE-CEE3BC8B58C7}.Release|x86.Deploy.0 = Release|Any CPU
	EndGlobalSection
	GlobalSection(SolutionProperties) = preSolution
		HideSolutionNode = FALSE
	EndGlobalSection
	GlobalSection(ExtensibilityGlobals) = postSolution
		SolutionGuid = {F92963FD-AAD2-4E61-B321-DCC23F2BC183}
	EndGlobalSection
EndGlobal
